hash: e740b7b4143d21e271e337a73d785c7c17a3c7ae1c775b7513287bb1599f3f0a
updated: 2016-03-29T07:21:14.848378979-07:00
imports:
- name: github.com/klauspost/compress
  version: 9d711f4445beb7f6488148ce04e3b4dc6e72242d
  subpackages:
  - flate
  - gzip
  - zlib
- name: github.com/klauspost/cpuid
  version: 09cded8978dc9e80714c4d85b0322337b0a1e5e0
- name: github.com/klauspost/crc32
  version: 19b0b332c9e4516a6370a0456e6182c3b5036720
- name: github.com/labstack/gommon
  version: f4ba73f8bcf88df1524069c117f7878cf530ee4e
  subpackages:
  - color
  - log
- name: github.com/mattn/go-colorable
  version: 9cbef7c35391cca05f15f8181dc0b18bc9736dbb
- name: github.com/mattn/go-isatty
  version: 56b76bdf51f7708750eac80fa38b952bb9f32639
- name: github.com/valyala/fasthttp
  version: 12ba9899844060189449e9768dc0900a56d3624b
- name: github.com/valyala/fasttemplate
  version: 3b874956e03f1636d171bda64b130f9135f42cff
- name: golang.org/x/net
  version: 31df19d69da8728e9220def59b80ee577c3e48bf
  subpackages:
  - context
  - websocket
- name: golang.org/x/sys
  version: 320cb01ddbbf0473674c2585f9b6e245721de355
  subpackages:
  - unix
devImports: []
