# This file is autogenerated, do not edit; changes may be undone by the next 'dep ensure'.


[[projects]]
  branch = "master"
  name = "github.com/aead/chacha20"
  packages = [
    ".",
    "chacha"
  ]
  revision = "e0d4ab3067da29fbce5b60445bed6d54c41c3c62"

[[projects]]
  branch = "master"
  name = "github.com/bifurcation/mint"
  packages = [
    ".",
    "syntax"
  ]
  revision = "198357931e6129b810c9c77c12e0dd754846170c"

[[projects]]
  name = "github.com/davecgh/go-spew"
  packages = ["spew"]
  revision = "346938d642f2ec3594ed81d874461961cd0faa76"
  version = "v1.1.0"

[[projects]]
  name = "github.com/dgrijalva/jwt-go"
  packages = ["."]
  revision = "06ea1031745cb8b3dab3f6a236daf2b0aa468b7e"
  version = "v3.2.0"

[[projects]]
  branch = "master"
  name = "github.com/hashicorp/golang-lru"
  packages = [
    ".",
    "simplelru"
  ]
  revision = "0fb14efe8c47ae851c0034ed7a448854d3d34cf3"

[[projects]]
  name = "github.com/labstack/gommon"
  packages = [
    "bytes",
    "color",
    "log",
    "random"
  ]
  revision = "6fe1405d73ec4bd4cd8a4ac8e2a2b2bf95d03954"
  version = "0.2.4"

[[projects]]
  branch = "master"
  name = "github.com/lucas-clemente/aes12"
  packages = ["."]
  revision = "cd47fb39b79f867c6e4e5cd39cf7abd799f71670"

[[projects]]
  branch = "master"
  name = "github.com/lucas-clemente/fnv128a"
  packages = ["."]
  revision = "393af48d391698c6ae4219566bfbdfef67269997"

[[projects]]
  name = "github.com/lucas-clemente/quic-go"
  packages = [
    ".",
    "h2quic",
    "internal/ackhandler",
    "internal/congestion",
    "internal/crypto",
    "internal/flowcontrol",
    "internal/handshake",
    "internal/protocol",
    "internal/utils",
    "internal/wire",
    "qerr"
  ]
  revision = "30851b9a3b4e958490b476fe72adafa67641361a"
  version = "v0.7.0"

[[projects]]
  branch = "master"
  name = "github.com/lucas-clemente/quic-go-certificates"
  packages = ["."]
  revision = "d2f86524cced5186554df90d92529757d22c1cb6"

[[projects]]
  name = "github.com/mattn/go-colorable"
  packages = ["."]
  revision = "167de6bfdfba052fa6b2d3664c8f5272e23c9072"
  version = "v0.0.9"

[[projects]]
  name = "github.com/mattn/go-isatty"
  packages = ["."]
  revision = "0360b2af4f38e8d38c7fce2a9f4e702702d73a39"
  version = "v0.0.3"

[[projects]]
  name = "github.com/pmezard/go-difflib"
  packages = ["difflib"]
  revision = "792786c7400a136282c1664665ae0a8db921c6c2"
  version = "v1.0.0"

[[projects]]
  name = "github.com/stretchr/testify"
  packages = ["assert"]
  revision = "12b6f73e6084dad08a7c6e575284b177ecafbc71"
  version = "v1.2.1"

[[projects]]
  branch = "master"
  name = "github.com/valyala/bytebufferpool"
  packages = ["."]
  revision = "e746df99fe4a3986f4d4f79e13c1e0117ce9c2f7"

[[projects]]
  branch = "master"
  name = "github.com/valyala/fasttemplate"
  packages = ["."]
  revision = "dcecefd839c4193db0d35b88ec65b4c12d360ab0"

[[projects]]
  branch = "master"
  name = "golang.org/x/crypto"
  packages = [
    "acme",
    "acme/autocert",
    "curve25519",
    "hkdf"
  ]
  revision = "182114d582623c1caa54f73de9c7224e23a48487"

[[projects]]
  branch = "master"
  name = "golang.org/x/net"
  packages = [
    "http2",
    "http2/hpack",
    "idna",
    "lex/httplex"
  ]
  revision = "b68f30494add4df6bd8ef5e82803f308e7f7c59c"

[[projects]]
  branch = "master"
  name = "golang.org/x/sys"
  packages = ["unix"]
  revision = "c28acc882ebcbfbe8ce9f0f14b9ac26ee138dd51"

[[projects]]
  name = "golang.org/x/text"
  packages = [
    "collate",
    "collate/build",
    "internal/colltab",
    "internal/gen",
    "internal/tag",
    "internal/triegen",
    "internal/ucd",
    "language",
    "secure/bidirule",
    "transform",
    "unicode/bidi",
    "unicode/cldr",
    "unicode/norm",
    "unicode/rangetable"
  ]
  revision = "f21a4dfb5e38f5895301dc265a8def02365cc3d0"
  version = "v0.3.0"

[solve-meta]
  analyzer-name = "dep"
  analyzer-version = 1
  inputs-digest = "633ed60fb19f26d9b25ff2312fd170fc3a2da91334c8697463ec9a1aeaf54b79"
  solver-name = "gps-cdcl"
  solver-version = 1
