# This file is autogenerated, do not edit; changes may be undone by the next 'dep ensure'.


[[projects]]
  digest = "1:ffe9824d294da03b391f44e1ae8281281b4afc1bdaa9588c9097785e3af10cec"
  name = "github.com/davecgh/go-spew"
  packages = ["spew"]
  pruneopts = "UT"
  revision = "8991bc29aa16c548c550c7ff78260e27b9ab7c73"
  version = "v1.1.1"

[[projects]]
  digest = "1:76dc72490af7174349349838f2fe118996381b31ea83243812a97e5a0fd5ed55"
  name = "github.com/dgrijalva/jwt-go"
  packages = ["."]
  pruneopts = "UT"
  revision = "06ea1031745cb8b3dab3f6a236daf2b0aa468b7e"
  version = "v3.2.0"

[[projects]]
  digest = "1:568171fc14a3d819b112c3e219d351ea7b05e8dad7935c4168c6b3373244a686"
  name = "github.com/labstack/gommon"
  packages = [
    "bytes",
    "color",
    "log",
    "random",
  ]
  pruneopts = "UT"
  revision = "2a618302b929cc20862dda3aa6f02f64dbe740dd"
  version = "v0.2.7"

[[projects]]
  digest = "1:c658e84ad3916da105a761660dcaeb01e63416c8ec7bc62256a9b411a05fcd67"
  name = "github.com/mattn/go-colorable"
  packages = ["."]
  pruneopts = "UT"
  revision = "167de6bfdfba052fa6b2d3664c8f5272e23c9072"
  version = "v0.0.9"

[[projects]]
  digest = "1:0981502f9816113c9c8c4ac301583841855c8cf4da8c72f696b3ebedf6d0e4e5"
  name = "github.com/mattn/go-isatty"
  packages = ["."]
  pruneopts = "UT"
  revision = "6ca4dbf54d38eea1a992b3c722a76a5d1c4cb25c"
  version = "v0.0.4"

[[projects]]
  digest = "1:0028cb19b2e4c3112225cd871870f2d9cf49b9b4276531f03438a88e94be86fe"
  name = "github.com/pmezard/go-difflib"
  packages = ["difflib"]
  pruneopts = "UT"
  revision = "792786c7400a136282c1664665ae0a8db921c6c2"
  version = "v1.0.0"

[[projects]]
  digest = "1:18752d0b95816a1b777505a97f71c7467a8445b8ffb55631a7bf779f6ba4fa83"
  name = "github.com/stretchr/testify"
  packages = ["assert"]
  pruneopts = "UT"
  revision = "f35b8ab0b5a2cef36673838d662e249dd9c94686"
  version = "v1.2.2"

[[projects]]
  digest = "1:c468422f334a6b46a19448ad59aaffdfc0a36b08fdcc1c749a0b29b6453d7e59"
  name = "github.com/valyala/bytebufferpool"
  packages = ["."]
  pruneopts = "UT"
  revision = "e746df99fe4a3986f4d4f79e13c1e0117ce9c2f7"
  version = "v1.0.0"

[[projects]]
  branch = "master"
  digest = "1:268b8bce0064e8c057d7b913605459f9a26dcab864c0886a56d196540fbf003f"
  name = "github.com/valyala/fasttemplate"
  packages = ["."]
  pruneopts = "UT"
  revision = "dcecefd839c4193db0d35b88ec65b4c12d360ab0"

[[projects]]
  branch = "master"
  digest = "1:dedf20eb0d3e8d6aa8a4d3d2fae248222b688ed528201995e152cc497899123c"
  name = "golang.org/x/crypto"
  packages = [
    "acme",
    "acme/autocert",
  ]
  pruneopts = "UT"
  revision = "0e37d006457bf46f9e6692014ba72ef82c33022c"

[[projects]]
  branch = "master"
  digest = "1:6eb2645d74b43d9c87b51947df39f7c668a4f422cd512053f7f6f75bfaad0197"
  name = "golang.org/x/sys"
  packages = ["unix"]
  pruneopts = "UT"
  revision = "d0be0721c37eeb5299f245a996a483160fc36940"

[solve-meta]
  analyzer-name = "dep"
  analyzer-version = 1
  input-imports = [
    "github.com/dgrijalva/jwt-go",
    "github.com/labstack/gommon/bytes",
    "github.com/labstack/gommon/color",
    "github.com/labstack/gommon/log",
    "github.com/labstack/gommon/random",
    "github.com/stretchr/testify/assert",
    "github.com/valyala/fasttemplate",
    "golang.org/x/crypto/acme/autocert",
  ]
  solver-name = "gps-cdcl"
  solver-version = 1
